{
    "_meta": {
        "hash": {
            "sha256": "613066afdb974fca2015b91f8696fecae02d0e65429ae8fc06586bcd46dbd38e"
        },
        "pipfile-spec": 6,
        "requires": {
            "python_version": "3.7"
        },
        "sources": [
            {
                "name": "pypi",
                "url": "https://pypi.org/simple",
                "verify_ssl": true
            }
        ]
    },
    "default": {
        "certifi": {
            "hashes": [
                "sha256:5ad7e9a056d25ffa5082862e36f119f7f7cec6457fa07ee2f8c339814b80c9b1",
                "sha256:9cd41137dc19af6a5e03b630eefe7d1f458d964d406342dd3edf625839b944cc"
            ],
            "version": "==2020.4.5.2"
        },
        "chardet": {
            "hashes": [
                "sha256:84ab92ed1c4d4f16916e05906b6b75a6c0fb5db821cc65e70cbd64a3e2a5eaae",
                "sha256:fc323ffcaeaed0e0a02bf4d117757b98aed530d9ed4531e3e15460124c106691"
            ],
            "version": "==3.0.4"
        },
        "idna": {
            "hashes": [
                "sha256:7588d1c14ae4c77d74036e8c22ff447b26d0fde8f007354fd48a7814db15b7cb",
                "sha256:a068a21ceac8a4d63dbfd964670474107f541babbd2250d61922f029858365fa"
            ],
            "version": "==2.9"
        },
        "joblib": {
            "hashes": [
                "sha256:61e49189c84b3c5d99a969d314853f4d1d263316cc694bec17548ebaa9c47b6e",
                "sha256:6825784ffda353cc8a1be573118085789e5b5d29401856b35b756645ab5aecb5"
            ],
            "version": "==0.15.1"
        },
        "numpy": {
            "hashes": [
                "sha256:01e17a9c1fdc7b97c75ad926f816694397be76251222a6f6cb50bbe3218cf3e5",
                "sha256:159741a29c33b5e2829e4fcdcd712c35651f1b7571672002453f27fe438459d4",
                "sha256:307da8faeb1e84bbee082004c06aa41510e52321025d4a54a16ca48f8329ca4f",
                "sha256:32073a47eeb37172f23f4f432efb2068c6b13b04d3eb4f0558056430ee3f32c5",
                "sha256:3eb013e193de97ec196441f6bdf9a1bea84dfbfb2421d5cccfdbba3aa2d60ec0",
                "sha256:45c0a742198566b46479231cb4f189f69c4fd8fe1331f1217f9c58496fe52fc2",
                "sha256:53564bfd09dda34cd74d11cbc1aad88b7fd2ad8b1d6eae6b4274ac789f30d6c0",
                "sha256:5e5b36b986a28d6651f6c8ebed084290e30833f50a7e0fe04f916b59d5113863",
                "sha256:6068db7fc6e34aed8a2d4ea4041fbeff3485a05452524d307c70da708ea40d63",
                "sha256:612878ef8025af60c9d43556e45d93fa07d2e6a960e252a475575d3018e361cc",
                "sha256:707be2715ca33f98335fdc84e3a79de4d85c7dd6b24aff6a57e45bf393205eb5",
                "sha256:7526a8dbc68d730785a57ec18541b194d4ac7402843addb0d706174668f5be16",
                "sha256:7c716527392f34c217f18672aac79e88f4747e2717bd0c0c99755b197a5f5197",
                "sha256:93bb0c1f9c69e5ce97e8d6b45c472a050bfa1e433c4c70c4568718c60cc7c306",
                "sha256:9e8bf8bb69ef268eaab6483b354039aabb737c3aaab4ad526e4ad7c95a87bd3c",
                "sha256:a233044f7100e9f2100a4fc0f82021c827f7a82624b649059c5dd92cec4cee17",
                "sha256:b82511ae4d8e3dbf727c91bf6c761f882750428e888e0c1795b57f3c4b8cfc1e",
                "sha256:c2f32979427df01cda8834af714dfacd06dce92f6c9275482a2e2932c67e67a1",
                "sha256:c49cc2b4e1b40bd836b2077d1cfee738577d2a411268eccace4f01dc22ef90ed",
                "sha256:cf6a8eb39bd191584de2f47dcc40155ffc902a32cff2a985ac58d93c035b306a",
                "sha256:d9b07673ac07cd02b1ba4d7eb920cd762d1559cc40af63d8e2b16774fdc3aa36",
                "sha256:dd21db931bdeb5d6ecffe36673bbaee4510f7e79b9afdbbdc2bf9c157ec8734c",
                "sha256:e1c4e32318501ec8e8fa3dead802dd1b913dcf8eddeb2b0370f35b58c71d6018",
                "sha256:e20452ad415c56cec51f52080adb4eccc4891ee86cf6b194e2434d09d42a183d",
                "sha256:e9ad332f8ff6f53dba38f39f3832a2f9fd4627039bc3a2baddb699fdf445adb1",
                "sha256:ec6c41348e05e2bee6b34cedb5bb38f7e53dee7e0791a4a63e1425dbee5ef326"
            ],
            "version": "==1.19.0rc2"
        },
        "pandas": {
            "hashes": [
                "sha256:034185bb615dc96d08fa13aacba8862949db19d5e7804d6ee242d086f07bcc46",
                "sha256:0c9b7f1933e3226cc16129cf2093338d63ace5c85db7c9588e3e1ac5c1937ad5",
                "sha256:1f6fcf0404626ca0475715da045a878c7062ed39bc859afc4ccf0ba0a586a0aa",
                "sha256:1fc963ba33c299973e92d45466e576d11f28611f3549469aec4a35658ef9f4cc",
                "sha256:29b4cfee5df2bc885607b8f016e901e63df7ffc8f00209000471778f46cc6678",
                "sha256:2a8b6c28607e3f3c344fe3e9b3cd76d2bf9f59bc8c0f2e582e3728b80e1786dc",
                "sha256:2bc2ff52091a6ac481cc75d514f06227dc1b10887df1eb72d535475e7b825e31",
                "sha256:415e4d52fcfd68c3d8f1851cef4d947399232741cc994c8f6aa5e6a9f2e4b1d8",
                "sha256:519678882fd0587410ece91e3ff7f73ad6ded60f6fcb8aa7bcc85c1dc20ecac6",
                "sha256:51e0abe6e9f5096d246232b461649b0aa627f46de8f6344597ca908f2240cbaa",
                "sha256:698e26372dba93f3aeb09cd7da2bb6dd6ade248338cfe423792c07116297f8f4",
                "sha256:83af85c8e539a7876d23b78433d90f6a0e8aa913e37320785cf3888c946ee874",
                "sha256:982cda36d1773076a415ec62766b3c0a21cdbae84525135bdb8f460c489bb5dd",
                "sha256:a647e44ba1b3344ebc5991c8aafeb7cca2b930010923657a273b41d86ae225c4",
                "sha256:b35d625282baa7b51e82e52622c300a1ca9f786711b2af7cbe64f1e6831f4126",
                "sha256:bab51855f8b318ef39c2af2c11095f45a10b74cbab4e3c8199efcc5af314c648"
            ],
            "index": "pypi",
            "version": "==1.0.4"
        },
        "python-dateutil": {
            "hashes": [
                "sha256:73ebfe9dbf22e832286dafa60473e4cd239f8592f699aa5adaf10050e6e1823c",
                "sha256:75bb3f31ea686f1197762692a9ee6a7550b59fc6ca3a1f4b5d7e32fb98e2da2a"
            ],
            "version": "==2.8.1"
        },
        "pytz": {
            "hashes": [
                "sha256:a494d53b6d39c3c6e44c3bec237336e14305e4f29bbf800b599253057fbb79ed",
                "sha256:c35965d010ce31b23eeb663ed3cc8c906275d6be1a34393a1d73a41febf4a048"
            ],
            "version": "==2020.1"
        },
        "pyyaml": {
            "hashes": [
                "sha256:06a0d7ba600ce0b2d2fe2e78453a470b5a6e000a985dd4a4e54e436cc36b0e97",
                "sha256:240097ff019d7c70a4922b6869d8a86407758333f02203e0fc6ff79c5dcede76",
                "sha256:4f4b913ca1a7319b33cfb1369e91e50354d6f07a135f3b901aca02aa95940bd2",
                "sha256:69f00dca373f240f842b2931fb2c7e14ddbacd1397d57157a9b005a6a9942648",
                "sha256:73f099454b799e05e5ab51423c7bcf361c58d3206fa7b0d555426b1f4d9a3eaf",
                "sha256:74809a57b329d6cc0fdccee6318f44b9b8649961fa73144a98735b0aaf029f1f",
                "sha256:7739fc0fa8205b3ee8808aea45e968bc90082c10aef6ea95e855e10abf4a37b2",
                "sha256:95f71d2af0ff4227885f7a6605c37fd53d3a106fcab511b8860ecca9fcf400ee",
                "sha256:b8eac752c5e14d3eca0e6dd9199cd627518cb5ec06add0de9d32baeee6fe645d",
                "sha256:cc8955cfbfc7a115fa81d85284ee61147059a753344bc51098f3ccd69b0d7e0c",
                "sha256:d13155f591e6fcc1ec3b30685d50bf0711574e2c0dfffd7644babf8b5102ca1a"
            ],
            "index": "pypi",
            "version": "==5.3.1"
        },
        "requests": {
            "hashes": [
                "sha256:43999036bfa82904b6af1d99e4882b560e5e2c68e5c4b0aa03b655f3d7d73fee",
                "sha256:b3f43d496c6daba4493e7c431722aeb7dbc6288f52a6e04e7b6023b0247817e6"
            ],
            "index": "pypi",
            "version": "==2.23.0"
        },
        "scikit-learn": {
            "hashes": [
                "sha256:04799686060ecbf8992f26a35be1d99e981894c8c7860c1365cda4200f954a16",
                "sha256:058d213092de4384710137af1300ed0ff030b8c40459a6c6f73c31ccd274cc39",
                "sha256:0c3464e46ef8bd4f1bfa5c009648c6449412c8f7e9b3fc0c9e3d800139c48827",
                "sha256:0e7b55f73b35537ecd0d19df29dd39aa9e076dba78f3507b8136c819d84611fd",
                "sha256:16feae4361be6b299d4d08df5a30956b4bfc8eadf173fe9258f6d59630f851d4",
                "sha256:244ca85d6eba17a1e6e8a66ab2f584be6a7784b5f59297e3d7ff8c7983af627c",
                "sha256:3e6e92b495eee193a8fa12a230c9b7976ea0fc1263719338e35c986ea1e42cff",
                "sha256:5bcea4d6ee431c814261117281363208408aa4e665633655895feb059021aca6",
                "sha256:93f56abd316d131645559ec0ab4f45e3391c2ccdd4eadaa4912f4c1e0a6f2c96",
                "sha256:9e04c0811ea92931ee8490d638171b8cb2f21387efcfff526bbc8c2a3da60f1c",
                "sha256:bded94236e16774385202cafd26190ce96db18e4dc21e99473848c61e4fdc400",
                "sha256:c2fa33d20408b513cf432505c80e6eb4bf4d71434f1ae36680765d4a2c2a16ec",
                "sha256:e3fec1c8831f8f93ad85581ca29ca1bb88e2da377fb097cf8322aa89c21bc9b8",
                "sha256:e585682e37f2faa81ad6cd4472fff646bf2fd0542147bec93697a905db8e6bd2",
                "sha256:e9879ba9e64ec3add41bf201e06034162f853652ef4849b361d73b0deb3153ad",
                "sha256:ebe853e6f318f9d8b3b74dd17e553720d35646eff675a69eeaed12fbbbb07daa"
            ],
            "index": "pypi",
            "version": "==0.23.1"
        },
        "scipy": {
            "hashes": [
                "sha256:142649a4487e8849aa7e3ea11e010f6201683ed56adc02270d2c7a8cdb93a7e8",
                "sha256:1f402f14e726d41fd34e30b6c54daac36ac84ee64c4a430ed4b5ec016705e053",
                "sha256:1f57d75c49f6c8b17b4d9217011e5ecca4d04941eb79a465bdfdf9591f09a312",
                "sha256:25db07c206d81c9dd9b9a0ea4ea4a134026e4cddc83968e99bc2b95ce2b3c760",
                "sha256:2a0d8504a08507d6e7b5c2b65db11fdb10ca63245166a5496fe3a781d0d9a452",
                "sha256:38cf18ab60d853113137229e328c97719c22b02d3bf8873349472103015de5f7",
                "sha256:52998372c9179ebfbf7e875e4cb29137d4edc2b9d6614c5e57a180501dacf4f0",
                "sha256:52b693c1f842e126efb7882038680fed920fc2014cad3a16da4673e41dc8d0a9",
                "sha256:6591dc05981308fb620c3705bf684b57241b73fe9369748f36eaf7069969c67e",
                "sha256:a705d1c6b8b9b7a3f5f57aec792be3fce2d65cdf49a8559852084aa18c57af1e",
                "sha256:b5d756e25e26184d19172db49b185a05c618d7c1323588fa261563b451b0dc7b",
                "sha256:ce0164965caadd3a53583ad63643679ccea70b6bb25a691e4a74d3e87e3fffea",
                "sha256:d395b63f6bfb737f3b45c8253af7e1761af1cc015db7347cbaacf1f643f3f7b8",
                "sha256:e90d679b96b9cbd249e900b2d03558bb01ae161aa9400e9b6cd435cce82552ea",
                "sha256:eabc685cae91a899f6eff8aed3db3df2ad884df3b46f85314b5ca016d5bb93ea",
                "sha256:fb642c6c4a19feeeee84a74d1e38c16952fde36c752e4c4a8ed70f9e4d70d5c7"
            ],
            "version": "==1.5.0rc1"
        },
        "six": {
            "hashes": [
                "sha256:30639c035cdb23534cd4aa2dd52c3bf48f06e5f4a941509c8bafd8ce11080259",
                "sha256:8b74bedcbbbaca38ff6d7491d76f2b06b3592611af620f8426e82dddb04a5ced"
            ],
            "version": "==1.15.0"
        },
        "threadpoolctl": {
            "hashes": [
                "sha256:38b74ca20ff3bb42caca8b00055111d74159ee95c4370882bbff2b93d24da725",
                "sha256:ddc57c96a38beb63db45d6c159b5ab07b6bced12c45a1f07b2b92f272aebfa6b"
            ],
            "version": "==2.1.0"
        },
        "urllib3": {
            "hashes": [
                "sha256:3018294ebefce6572a474f0604c2021e33b3fd8006ecd11d62107a5d2a963527",
                "sha256:88206b0eb87e6d677d424843ac5209e3fb9d0190d0ee169599165ec25e9d9115"
            ],
            "version": "==1.25.9"
        }
    },
    "develop": {
        "appdirs": {
            "hashes": [
                "sha256:7d5d0167b2b1ba821647616af46a749d1c653740dd0d2415100fe26e27afdf41",
                "sha256:a841dacd6b99318a741b166adb07e19ee71a274450e68237b4650ca1055ab128"
            ],
            "version": "==1.4.4"
        },
        "attrs": {
            "hashes": [
                "sha256:08a96c641c3a74e44eb59afb61a24f2cb9f4d7188748e76ba4bb5edfa3cb7d1c",
                "sha256:f7b7ce16570fe9965acd6d30101a28f62fb4a7f9e926b3bbc9b61f8b04247e72"
            ],
            "version": "==19.3.0"
        },
        "backcall": {
            "hashes": [
                "sha256:38ecd85be2c1e78f77fd91700c76e14667dc21e2713b63876c0eb901196e01e4",
                "sha256:bbbf4b1e5cd2bdb08f915895b51081c041bac22394fdfcfdfbe9f14b77c08bf2"
            ],
            "version": "==0.1.0"
        },
        "black": {
            "hashes": [
                "sha256:1b30e59be925fafc1ee4565e5e08abef6b03fe455102883820fe5ee2e4734e0b",
                "sha256:c2edb73a08e9e0e6f65a0e6af18b059b8b1cdd5bef997d7a0b181df93dc81539"
            ],
            "index": "pypi",
            "version": "==19.10b0"
        },
        "click": {
            "hashes": [
                "sha256:d2b5255c7c6349bc1bd1e59e08cd12acbbd63ce649f2588755783aa94dfb6b1a",
                "sha256:dacca89f4bfadd5de3d7489b7c8a566eee0d3676333fbb50030263894c38c0dc"
            ],
            "version": "==7.1.2"
        },
        "decorator": {
            "hashes": [
                "sha256:41fa54c2a0cc4ba648be4fd43cff00aedf5b9465c9bf18d64325bc225f08f760",
                "sha256:e3a62f0520172440ca0dcc823749319382e377f37f140a0b99ef45fecb84bfe7"
            ],
            "version": "==4.4.2"
        },
        "flake8": {
            "hashes": [
                "sha256:15e351d19611c887e482fb960eae4d44845013cc142d42896e9862f775d8cf5c",
                "sha256:f04b9fcbac03b0a3e58c0ab3a0ecc462e023a9faf046d57794184028123aa208"
            ],
            "index": "pypi",
            "version": "==3.8.3"
        },
        "importlib-metadata": {
            "hashes": [
                "sha256:0505dd08068cfec00f53a74a0ad927676d7757da81b7436a6eefe4c7cf75c545",
                "sha256:15ec6c0fd909e893e3a08b3a7c76ecb149122fb14b7efe1199ddd4c7c57ea958"
            ],
            "markers": "python_version < '3.8'",
            "version": "==1.6.1"
        },
        "ipython": {
            "hashes": [
                "sha256:dfd303b270b7b5232b3d08bd30ec6fd685d8a58cabd54055e3d69d8f029f7280",
                "sha256:ed7ebe1cba899c1c3ccad6f7f1c2d2369464cc77dba8eebc65e2043e19cda995"
            ],
            "index": "pypi",
            "version": "==7.9.0"
        },
        "ipython-genutils": {
            "hashes": [
                "sha256:72dd37233799e619666c9f639a9da83c34013a73e8bbc79a7a6348d93c61fab8",
                "sha256:eb2e116e75ecef9d4d228fdc66af54269afa26ab4463042e33785b887c628ba8"
            ],
            "version": "==0.2.0"
        },
        "jedi": {
            "hashes": [
                "sha256:cd60c93b71944d628ccac47df9a60fec53150de53d42dc10a7fc4b5ba6aae798",
                "sha256:df40c97641cb943661d2db4c33c2e1ff75d491189423249e989bcea4464f3030"
            ],
            "version": "==0.17.0"
        },
        "mccabe": {
            "hashes": [
                "sha256:ab8a6258860da4b6677da4bd2fe5dc2c659cff31b3ee4f7f5d64e79735b80d42",
                "sha256:dd8d182285a0fe56bace7f45b5e7d1a6ebcbf524e8f3bd87eb0f125271b8831f"
            ],
            "version": "==0.6.1"
        },
        "mock": {
            "hashes": [
                "sha256:3f9b2c0196c60d21838f307f5825a7b86b678cedc58ab9e50a8988187b4d81e0",
                "sha256:dd33eb70232b6118298d516bbcecd26704689c386594f0f3c4f13867b2c56f72"
            ],
            "index": "pypi",
            "version": "==4.0.2"
        },
        "more-itertools": {
            "hashes": [
                "sha256:558bb897a2232f5e4f8e2399089e35aecb746e1f9191b6584a151647e89267be",
                "sha256:7818f596b1e87be009031c7653d01acc46ed422e6656b394b0f765ce66ed4982"
            ],
            "version": "==8.3.0"
        },
        "packaging": {
            "hashes": [
                "sha256:4357f74f47b9c12db93624a82154e9b120fa8293699949152b22065d556079f8",
                "sha256:998416ba6962ae7fbd6596850b80e17859a5753ba17c32284f67bfff33784181"
            ],
            "version": "==20.4"
        },
        "parso": {
            "hashes": [
                "sha256:158c140fc04112dc45bca311633ae5033c2c2a7b732fa33d0955bad8152a8dd0",
                "sha256:908e9fae2144a076d72ae4e25539143d40b8e3eafbaeae03c1bfe226f4cdf12c"
            ],
            "version": "==0.7.0"
        },
        "pathspec": {
            "hashes": [
                "sha256:7d91249d21749788d07a2d0f94147accd8f845507400749ea19c1ec9054a12b0",
                "sha256:da45173eb3a6f2a5a487efba21f050af2b41948be6ab52b6a1e3ff22bb8b7061"
            ],
            "version": "==0.8.0"
        },
        "pexpect": {
            "hashes": [
                "sha256:0b48a55dcb3c05f3329815901ea4fc1537514d6ba867a152b581d69ae3710937",
                "sha256:fc65a43959d153d0114afe13997d439c22823a27cefceb5ff35c2178c6784c0c"
            ],
            "markers": "sys_platform != 'win32'",
            "version": "==4.8.0"
        },
        "pickleshare": {
            "hashes": [
                "sha256:87683d47965c1da65cdacaf31c8441d12b8044cdec9aca500cd78fc2c683afca",
                "sha256:9649af414d74d4df115d5d718f82acb59c9d418196b7b4290ed47a12ce62df56"
            ],
            "version": "==0.7.5"
        },
        "pluggy": {
            "hashes": [
                "sha256:15b2acde666561e1298d71b523007ed7364de07029219b604cf808bfa1c765b0",
                "sha256:966c145cd83c96502c3c3868f50408687b38434af77734af1e9ca461a4081d2d"
            ],
            "version": "==0.13.1"
        },
        "prompt-toolkit": {
            "hashes": [
                "sha256:46642344ce457641f28fc9d1c9ca939b63dadf8df128b86f1b9860e59c73a5e4",
                "sha256:e7f8af9e3d70f514373bf41aa51bc33af12a6db3f71461ea47fea985defb2c31",
                "sha256:f15af68f66e664eaa559d4ac8a928111eebd5feda0c11738b5998045224829db"
            ],
            "version": "==2.0.10"
        },
        "ptyprocess": {
            "hashes": [
                "sha256:923f299cc5ad920c68f2bc0bc98b75b9f838b93b599941a6b63ddbc2476394c0",
                "sha256:d7cc528d76e76342423ca640335bd3633420dc1366f258cb31d05e865ef5ca1f"
            ],
            "version": "==0.6.0"
        },
        "py": {
            "hashes": [
                "sha256:5e27081401262157467ad6e7f851b7aa402c5852dbcb3dae06768434de5752aa",
                "sha256:c20fdd83a5dbc0af9efd622bee9a5564e278f6380fffcacc43ba6f43db2813b0"
            ],
            "version": "==1.8.1"
        },
        "pycodestyle": {
            "hashes": [
                "sha256:2295e7b2f6b5bd100585ebcb1f616591b652db8a741695b3d8f5d28bdc934367",
                "sha256:c58a7d2815e0e8d7972bf1803331fb0152f867bd89adf8a01dfd55085434192e"
            ],
            "version": "==2.6.0"
        },
        "pyflakes": {
            "hashes": [
                "sha256:0d94e0e05a19e57a99444b6ddcf9a6eb2e5c68d3ca1e98e90707af8152c90a92",
                "sha256:35b2d75ee967ea93b55750aa9edbbf72813e06a66ba54438df2cfac9e3c27fc8"
            ],
            "version": "==2.2.0"
        },
        "pygments": {
            "hashes": [
                "sha256:647344a061c249a3b74e230c739f434d7ea4d8b1d5f3721bc0f3558049b38f44",
                "sha256:ff7a40b4860b727ab48fad6360eb351cc1b33cbf9b15a0f689ca5353e9463324"
            ],
            "version": "==2.6.1"
        },
        "pyparsing": {
            "hashes": [
                "sha256:67199f0c41a9c702154efb0e7a8cc08accf830eb003b4d9fa42c4059002e2492",
                "sha256:700d17888d441604b0bd51535908dcb297561b040819cccde647a92439db5a2a"
            ],
            "version": "==3.0.0a1"
        },
        "pytest": {
            "hashes": [
                "sha256:5c0db86b698e8f170ba4582a492248919255fcd4c79b1ee64ace34301fb589a1",
                "sha256:7979331bfcba207414f5e1263b5a0f8f521d0f457318836a7355531ed1a4c7d8"
            ],
            "index": "pypi",
            "version": "==5.4.3"
        },
        "pytest-mock": {
            "hashes": [
                "sha256:636e792f7dd9e2c80657e174c04bf7aa92672350090736d82e97e92ce8f68737",
                "sha256:a9fedba70e37acf016238bb2293f2652ce19985ceb245bbd3d7f3e4032667402"
            ],
            "index": "pypi",
            "version": "==3.1.1"
        },
        "regex": {
            "hashes": [
                "sha256:08997a37b221a3e27d68ffb601e45abfb0093d39ee770e4257bd2f5115e8cb0a",
                "sha256:112e34adf95e45158c597feea65d06a8124898bdeac975c9087fe71b572bd938",
                "sha256:1700419d8a18c26ff396b3b06ace315b5f2a6e780dad387e4c48717a12a22c29",
                "sha256:2f6f211633ee8d3f7706953e9d3edc7ce63a1d6aad0be5dcee1ece127eea13ae",
                "sha256:52e1b4bef02f4040b2fd547357a170fc1146e60ab310cdbdd098db86e929b387",
                "sha256:55b4c25cbb3b29f8d5e63aeed27b49fa0f8476b0d4e1b3171d85db891938cc3a",
                "sha256:5aaa5928b039ae440d775acea11d01e42ff26e1561c0ffcd3d805750973c6baf",
                "sha256:654cb773b2792e50151f0e22be0f2b6e1c3a04c5328ff1d9d59c0398d37ef610",
                "sha256:690f858d9a94d903cf5cada62ce069b5d93b313d7d05456dbcd99420856562d9",
                "sha256:6ad8663c17db4c5ef438141f99e291c4d4edfeaacc0ce28b5bba2b0bf273d9b5",
                "sha256:89cda1a5d3e33ec9e231ece7307afc101b5217523d55ef4dc7fb2abd6de71ba3",
                "sha256:92d8a043a4241a710c1cf7593f5577fbb832cf6c3a00ff3fc1ff2052aff5dd89",
                "sha256:95fa7726d073c87141f7bbfb04c284901f8328e2d430eeb71b8ffdd5742a5ded",
                "sha256:97712e0d0af05febd8ab63d2ef0ab2d0cd9deddf4476f7aa153f76feef4b2754",
                "sha256:b2ba0f78b3ef375114856cbdaa30559914d081c416b431f2437f83ce4f8b7f2f",
                "sha256:bae83f2a56ab30d5353b47f9b2a33e4aac4de9401fb582b55c42b132a8ac3868",
                "sha256:c78e66a922de1c95a208e4ec02e2e5cf0bb83a36ceececc10a72841e53fbf2bd",
                "sha256:cf59bbf282b627130f5ba68b7fa3abdb96372b24b66bdf72a4920e8153fc7910",
                "sha256:e3cdc9423808f7e1bb9c2e0bdb1c9dc37b0607b30d646ff6faf0d4e41ee8fee3",
                "sha256:e9b64e609d37438f7d6e68c2546d2cb8062f3adb27e6336bc129b51be20773ac",
                "sha256:fbff901c54c22425a5b809b914a3bfaf4b9570eee0e5ce8186ac71eb2025191c"
            ],
            "version": "==2020.6.8"
        },
        "six": {
            "hashes": [
                "sha256:30639c035cdb23534cd4aa2dd52c3bf48f06e5f4a941509c8bafd8ce11080259",
                "sha256:8b74bedcbbbaca38ff6d7491d76f2b06b3592611af620f8426e82dddb04a5ced"
            ],
            "version": "==1.15.0"
        },
        "toml": {
            "hashes": [
                "sha256:926b612be1e5ce0634a2ca03470f95169cf16f939018233a670519cb4ac58b0f",
                "sha256:bda89d5935c2eac546d648028b9901107a595863cb36bae0c73ac804a9b4ce88"
            ],
            "version": "==0.10.1"
        },
        "traitlets": {
            "hashes": [
                "sha256:70b4c6a1d9019d7b4f6846832288f86998aa3b9207c6821f3578a6a6a467fe44",
                "sha256:d023ee369ddd2763310e4c3eae1ff649689440d4ae59d7485eb4cfbbe3e359f7"
            ],
            "version": "==4.3.3"
        },
        "typed-ast": {
            "hashes": [
                "sha256:0666aa36131496aed8f7be0410ff974562ab7eeac11ef351def9ea6fa28f6355",
                "sha256:0c2c07682d61a629b68433afb159376e24e5b2fd4641d35424e462169c0a7919",
                "sha256:249862707802d40f7f29f6e1aad8d84b5aa9e44552d2cc17384b209f091276aa",
                "sha256:24995c843eb0ad11a4527b026b4dde3da70e1f2d8806c99b7b4a7cf491612652",
                "sha256:269151951236b0f9a6f04015a9004084a5ab0d5f19b57de779f908621e7d8b75",
                "sha256:4083861b0aa07990b619bd7ddc365eb7fa4b817e99cf5f8d9cf21a42780f6e01",
                "sha256:498b0f36cc7054c1fead3d7fc59d2150f4d5c6c56ba7fb150c013fbc683a8d2d",
                "sha256:4e3e5da80ccbebfff202a67bf900d081906c358ccc3d5e3c8aea42fdfdfd51c1",
                "sha256:6daac9731f172c2a22ade6ed0c00197ee7cc1221aa84cfdf9c31defeb059a907",
                "sha256:715ff2f2df46121071622063fc7543d9b1fd19ebfc4f5c8895af64a77a8c852c",
                "sha256:73d785a950fc82dd2a25897d525d003f6378d1cb23ab305578394694202a58c3",
                "sha256:8c8aaad94455178e3187ab22c8b01a3837f8ee50e09cf31f1ba129eb293ec30b",
                "sha256:8ce678dbaf790dbdb3eba24056d5364fb45944f33553dd5869b7580cdbb83614",
                "sha256:aaee9905aee35ba5905cfb3c62f3e83b3bec7b39413f0a7f19be4e547ea01ebb",
                "sha256:bcd3b13b56ea479b3650b82cabd6b5343a625b0ced5429e4ccad28a8973f301b",
                "sha256:c9e348e02e4d2b4a8b2eedb48210430658df6951fa484e59de33ff773fbd4b41",
                "sha256:d205b1b46085271b4e15f670058ce182bd1199e56b317bf2ec004b6a44f911f6",
                "sha256:d43943ef777f9a1c42bf4e552ba23ac77a6351de620aa9acf64ad54933ad4d34",
                "sha256:d5d33e9e7af3b34a40dc05f498939f0ebf187f07c385fd58d591c533ad8562fe",
                "sha256:fc0fea399acb12edbf8a628ba8d2312f583bdbdb3335635db062fa98cf71fca4",
                "sha256:fe460b922ec15dd205595c9b5b99e2f056fd98ae8f9f56b888e7a17dc2b757e7"
            ],
            "version": "==1.4.1"
        },
        "wcwidth": {
            "hashes": [
                "sha256:79375666b9954d4a1a10739315816324c3e73110af9d0e102d906fdb0aec009f",
                "sha256:8c6b5b6ee1360b842645f336d9e5d68c55817c26d3050f46b235ef2bc650e48f"
            ],
            "version": "==0.2.4"
        },
        "zipp": {
            "hashes": [
                "sha256:aa36550ff0c0b7ef7fa639055d797116ee891440eac1a56f378e2d3179e0320b",
                "sha256:c599e4d75c98f6798c509911d08a22e6c021d074469042177c8c86fb92eefd96"
            ],
            "version": "==3.1.0"
        }
    }
}
